<<<<<<< HEAD
﻿
Microsoft Visual Studio Solution File, Format Version 12.00
# Visual Studio Version 16
VisualStudioVersion = 25.0.1705.4
MinimumVisualStudioVersion = 10.0.40219.1
Project("{FAE04EC0-301F-11D3-BF4B-00C04F79EFBC}") = "HW17_ParnianRafie-m91", "HW17_ParnianRafie-m91\HW17_ParnianRafie-m91.csproj", "{C048645D-4D01-4E0E-A194-E41C50986D23}"
EndProject
Project("{2150E333-8FDC-42A3-9474-1A3956D46DE8}") = "EndPoint", "EndPoint", "{244CAF26-E9A5-486C-896A-8ED73916D2C9}"
EndProject
Project("{2150E333-8FDC-42A3-9474-1A3956D46DE8}") = "Infrastructure", "Infrastructure", "{8C16F2BD-3919-431C-98A7-CCBBDEB08028}"
EndProject
Project("{2150E333-8FDC-42A3-9474-1A3956D46DE8}") = "Domain", "Domain", "{E573177B-716D-450A-9DBE-72AFED60E44F}"
EndProject
Project("{2150E333-8FDC-42A3-9474-1A3956D46DE8}") = "Core", "Core", "{5C3AC9CA-D793-4281-96C1-3F99A66A8B47}"
EndProject
Project("{2150E333-8FDC-42A3-9474-1A3956D46DE8}") = "Service", "Service", "{6F549C55-D9CB-4CB7-86A9-152A7B90AF5F}"
EndProject
Project("{FAE04EC0-301F-11D3-BF4B-00C04F79EFBC}") = "AppCore", "AppCore\AppCore.csproj", "{43F764EB-637E-4797-B1C1-9CB6D35EC8FE}"
EndProject
Project("{FAE04EC0-301F-11D3-BF4B-00C04F79EFBC}") = "AppService", "AppService\AppService.csproj", "{B9B4F1A6-6875-4F2F-8687-4E0B954C814C}"
EndProject
Project("{2150E333-8FDC-42A3-9474-1A3956D46DE8}") = "SQLDataBase", "SQLDataBase", "{C46EE4A9-B9F6-4231-9DD3-FCB7F3B7B129}"
EndProject
Project("{2150E333-8FDC-42A3-9474-1A3956D46DE8}") = "DAl", "DAl", "{5212E75F-8073-4086-9311-C3CB138A6646}"
EndProject
Project("{FAE04EC0-301F-11D3-BF4B-00C04F79EFBC}") = "Repositories", "Repositories\Repositories.csproj", "{BBE83995-386C-42A1-AABA-627B220279A2}"
EndProject
Project("{FAE04EC0-301F-11D3-BF4B-00C04F79EFBC}") = "UniContext", "UniContext\UniContext.csproj", "{89236662-1E63-4243-AA2F-0A9645B4A399}"
EndProject
Global
	GlobalSection(SolutionConfigurationPlatforms) = preSolution
		Debug|Any CPU = Debug|Any CPU
		Release|Any CPU = Release|Any CPU
	EndGlobalSection
	GlobalSection(ProjectConfigurationPlatforms) = postSolution
		{C048645D-4D01-4E0E-A194-E41C50986D23}.Debug|Any CPU.ActiveCfg = Debug|Any CPU
		{C048645D-4D01-4E0E-A194-E41C50986D23}.Debug|Any CPU.Build.0 = Debug|Any CPU
		{C048645D-4D01-4E0E-A194-E41C50986D23}.Release|Any CPU.ActiveCfg = Release|Any CPU
		{C048645D-4D01-4E0E-A194-E41C50986D23}.Release|Any CPU.Build.0 = Release|Any CPU
		{43F764EB-637E-4797-B1C1-9CB6D35EC8FE}.Debug|Any CPU.ActiveCfg = Debug|Any CPU
		{43F764EB-637E-4797-B1C1-9CB6D35EC8FE}.Debug|Any CPU.Build.0 = Debug|Any CPU
		{43F764EB-637E-4797-B1C1-9CB6D35EC8FE}.Release|Any CPU.ActiveCfg = Release|Any CPU
		{43F764EB-637E-4797-B1C1-9CB6D35EC8FE}.Release|Any CPU.Build.0 = Release|Any CPU
		{B9B4F1A6-6875-4F2F-8687-4E0B954C814C}.Debug|Any CPU.ActiveCfg = Debug|Any CPU
		{B9B4F1A6-6875-4F2F-8687-4E0B954C814C}.Debug|Any CPU.Build.0 = Debug|Any CPU
		{B9B4F1A6-6875-4F2F-8687-4E0B954C814C}.Release|Any CPU.ActiveCfg = Release|Any CPU
		{B9B4F1A6-6875-4F2F-8687-4E0B954C814C}.Release|Any CPU.Build.0 = Release|Any CPU
		{BBE83995-386C-42A1-AABA-627B220279A2}.Debug|Any CPU.ActiveCfg = Debug|Any CPU
		{BBE83995-386C-42A1-AABA-627B220279A2}.Debug|Any CPU.Build.0 = Debug|Any CPU
		{BBE83995-386C-42A1-AABA-627B220279A2}.Release|Any CPU.ActiveCfg = Release|Any CPU
		{BBE83995-386C-42A1-AABA-627B220279A2}.Release|Any CPU.Build.0 = Release|Any CPU
		{89236662-1E63-4243-AA2F-0A9645B4A399}.Debug|Any CPU.ActiveCfg = Debug|Any CPU
		{89236662-1E63-4243-AA2F-0A9645B4A399}.Debug|Any CPU.Build.0 = Debug|Any CPU
		{89236662-1E63-4243-AA2F-0A9645B4A399}.Release|Any CPU.ActiveCfg = Release|Any CPU
		{89236662-1E63-4243-AA2F-0A9645B4A399}.Release|Any CPU.Build.0 = Release|Any CPU
	EndGlobalSection
	GlobalSection(SolutionProperties) = preSolution
		HideSolutionNode = FALSE
	EndGlobalSection
	GlobalSection(ExtensibilityGlobals) = postSolution
		SolutionGuid = {6395D96B-DBF9-4E8F-8B43-141ED3BB8291}
	EndGlobalSection
	GlobalSection(NestedProjects) = preSolution
		{C048645D-4D01-4E0E-A194-E41C50986D23} = {244CAF26-E9A5-486C-896A-8ED73916D2C9}
		{5C3AC9CA-D793-4281-96C1-3F99A66A8B47} = {E573177B-716D-450A-9DBE-72AFED60E44F}
		{6F549C55-D9CB-4CB7-86A9-152A7B90AF5F} = {E573177B-716D-450A-9DBE-72AFED60E44F}
		{43F764EB-637E-4797-B1C1-9CB6D35EC8FE} = {5C3AC9CA-D793-4281-96C1-3F99A66A8B47}
		{B9B4F1A6-6875-4F2F-8687-4E0B954C814C} = {6F549C55-D9CB-4CB7-86A9-152A7B90AF5F}
		{C46EE4A9-B9F6-4231-9DD3-FCB7F3B7B129} = {8C16F2BD-3919-431C-98A7-CCBBDEB08028}
		{5212E75F-8073-4086-9311-C3CB138A6646} = {8C16F2BD-3919-431C-98A7-CCBBDEB08028}
		{BBE83995-386C-42A1-AABA-627B220279A2} = {5212E75F-8073-4086-9311-C3CB138A6646}
		{89236662-1E63-4243-AA2F-0A9645B4A399} = {C46EE4A9-B9F6-4231-9DD3-FCB7F3B7B129}
	EndGlobalSection
EndGlobal
=======
﻿
Microsoft Visual Studio Solution File, Format Version 12.00
# Visual Studio Version 16
VisualStudioVersion = 25.0.1705.4
MinimumVisualStudioVersion = 10.0.40219.1
Project("{FAE04EC0-301F-11D3-BF4B-00C04F79EFBC}") = "HW17_ParnianRafie-m91", "HW17_ParnianRafie-m91\HW17_ParnianRafie-m91.csproj", "{C048645D-4D01-4E0E-A194-E41C50986D23}"
EndProject
Project("{2150E333-8FDC-42A3-9474-1A3956D46DE8}") = "EndPoint", "EndPoint", "{244CAF26-E9A5-486C-896A-8ED73916D2C9}"
EndProject
Project("{2150E333-8FDC-42A3-9474-1A3956D46DE8}") = "Infrastructure", "Infrastructure", "{8C16F2BD-3919-431C-98A7-CCBBDEB08028}"
EndProject
Project("{2150E333-8FDC-42A3-9474-1A3956D46DE8}") = "Domain", "Domain", "{E573177B-716D-450A-9DBE-72AFED60E44F}"
EndProject
Project("{2150E333-8FDC-42A3-9474-1A3956D46DE8}") = "Core", "Core", "{5C3AC9CA-D793-4281-96C1-3F99A66A8B47}"
EndProject
Project("{2150E333-8FDC-42A3-9474-1A3956D46DE8}") = "Service", "Service", "{6F549C55-D9CB-4CB7-86A9-152A7B90AF5F}"
EndProject
Project("{FAE04EC0-301F-11D3-BF4B-00C04F79EFBC}") = "AppCore", "AppCore\AppCore.csproj", "{43F764EB-637E-4797-B1C1-9CB6D35EC8FE}"
EndProject
Project("{FAE04EC0-301F-11D3-BF4B-00C04F79EFBC}") = "AppService", "AppService\AppService.csproj", "{B9B4F1A6-6875-4F2F-8687-4E0B954C814C}"
EndProject
Project("{2150E333-8FDC-42A3-9474-1A3956D46DE8}") = "SQLDataBase", "SQLDataBase", "{C46EE4A9-B9F6-4231-9DD3-FCB7F3B7B129}"
EndProject
Project("{2150E333-8FDC-42A3-9474-1A3956D46DE8}") = "DAl", "DAl", "{5212E75F-8073-4086-9311-C3CB138A6646}"
EndProject
Project("{FAE04EC0-301F-11D3-BF4B-00C04F79EFBC}") = "Repositories", "Repositories\Repositories.csproj", "{BBE83995-386C-42A1-AABA-627B220279A2}"
EndProject
Project("{FAE04EC0-301F-11D3-BF4B-00C04F79EFBC}") = "UniContext", "UniContext\UniContext.csproj", "{89236662-1E63-4243-AA2F-0A9645B4A399}"
EndProject
Global
	GlobalSection(SolutionConfigurationPlatforms) = preSolution
		Debug|Any CPU = Debug|Any CPU
		Release|Any CPU = Release|Any CPU
	EndGlobalSection
	GlobalSection(ProjectConfigurationPlatforms) = postSolution
		{C048645D-4D01-4E0E-A194-E41C50986D23}.Debug|Any CPU.ActiveCfg = Debug|Any CPU
		{C048645D-4D01-4E0E-A194-E41C50986D23}.Debug|Any CPU.Build.0 = Debug|Any CPU
		{C048645D-4D01-4E0E-A194-E41C50986D23}.Release|Any CPU.ActiveCfg = Release|Any CPU
		{C048645D-4D01-4E0E-A194-E41C50986D23}.Release|Any CPU.Build.0 = Release|Any CPU
		{43F764EB-637E-4797-B1C1-9CB6D35EC8FE}.Debug|Any CPU.ActiveCfg = Debug|Any CPU
		{43F764EB-637E-4797-B1C1-9CB6D35EC8FE}.Debug|Any CPU.Build.0 = Debug|Any CPU
		{43F764EB-637E-4797-B1C1-9CB6D35EC8FE}.Release|Any CPU.ActiveCfg = Release|Any CPU
		{43F764EB-637E-4797-B1C1-9CB6D35EC8FE}.Release|Any CPU.Build.0 = Release|Any CPU
		{B9B4F1A6-6875-4F2F-8687-4E0B954C814C}.Debug|Any CPU.ActiveCfg = Debug|Any CPU
		{B9B4F1A6-6875-4F2F-8687-4E0B954C814C}.Debug|Any CPU.Build.0 = Debug|Any CPU
		{B9B4F1A6-6875-4F2F-8687-4E0B954C814C}.Release|Any CPU.ActiveCfg = Release|Any CPU
		{B9B4F1A6-6875-4F2F-8687-4E0B954C814C}.Release|Any CPU.Build.0 = Release|Any CPU
		{BBE83995-386C-42A1-AABA-627B220279A2}.Debug|Any CPU.ActiveCfg = Debug|Any CPU
		{BBE83995-386C-42A1-AABA-627B220279A2}.Debug|Any CPU.Build.0 = Debug|Any CPU
		{BBE83995-386C-42A1-AABA-627B220279A2}.Release|Any CPU.ActiveCfg = Release|Any CPU
		{BBE83995-386C-42A1-AABA-627B220279A2}.Release|Any CPU.Build.0 = Release|Any CPU
		{89236662-1E63-4243-AA2F-0A9645B4A399}.Debug|Any CPU.ActiveCfg = Debug|Any CPU
		{89236662-1E63-4243-AA2F-0A9645B4A399}.Debug|Any CPU.Build.0 = Debug|Any CPU
		{89236662-1E63-4243-AA2F-0A9645B4A399}.Release|Any CPU.ActiveCfg = Release|Any CPU
		{89236662-1E63-4243-AA2F-0A9645B4A399}.Release|Any CPU.Build.0 = Release|Any CPU
	EndGlobalSection
	GlobalSection(SolutionProperties) = preSolution
		HideSolutionNode = FALSE
	EndGlobalSection
	GlobalSection(ExtensibilityGlobals) = postSolution
		SolutionGuid = {6395D96B-DBF9-4E8F-8B43-141ED3BB8291}
	EndGlobalSection
	GlobalSection(NestedProjects) = preSolution
		{C048645D-4D01-4E0E-A194-E41C50986D23} = {244CAF26-E9A5-486C-896A-8ED73916D2C9}
		{5C3AC9CA-D793-4281-96C1-3F99A66A8B47} = {E573177B-716D-450A-9DBE-72AFED60E44F}
		{6F549C55-D9CB-4CB7-86A9-152A7B90AF5F} = {E573177B-716D-450A-9DBE-72AFED60E44F}
		{43F764EB-637E-4797-B1C1-9CB6D35EC8FE} = {5C3AC9CA-D793-4281-96C1-3F99A66A8B47}
		{B9B4F1A6-6875-4F2F-8687-4E0B954C814C} = {6F549C55-D9CB-4CB7-86A9-152A7B90AF5F}
		{C46EE4A9-B9F6-4231-9DD3-FCB7F3B7B129} = {8C16F2BD-3919-431C-98A7-CCBBDEB08028}
		{5212E75F-8073-4086-9311-C3CB138A6646} = {8C16F2BD-3919-431C-98A7-CCBBDEB08028}
		{BBE83995-386C-42A1-AABA-627B220279A2} = {5212E75F-8073-4086-9311-C3CB138A6646}
		{89236662-1E63-4243-AA2F-0A9645B4A399} = {C46EE4A9-B9F6-4231-9DD3-FCB7F3B7B129}
	EndGlobalSection
EndGlobal
>>>>>>> 025fcf748e3ea192e10b0286c53b67a8e929d44d
